lockfileVersion: 5.4

importers:

  packages/get-hello-world:
    specifiers:
      hello-world: github:preschian/test-npm-github#hello-world
    dependencies:
      hello-world: github.com/preschian/test-npm-github/6dd4dcfd9fc18841178435ca66a4c22a8de2282d

packages:

  github.com/preschian/test-npm-github/6dd4dcfd9fc18841178435ca66a4c22a8de2282d:
    resolution: {tarball: https://codeload.github.com/preschian/test-npm-github/tar.gz/6dd4dcfd9fc18841178435ca66a4c22a8de2282d}
    name: hello-world
    version: 1.0.1
    dev: false
